// !$*UTF8*$!
{
	archiveVersion = 1;
	classes = {
	};
	objectVersion = 50;
	objects = {

/* Begin PBXBuildFile section */
		1110FF7127033B8A006EB19E /* AppDelegate.swift in Sources */ = {isa = PBXBuildFile; fileRef = 1110FF7027033B8A006EB19E /* AppDelegate.swift */; };
		1110FF7327033B8A006EB19E /* SceneDelegate.swift in Sources */ = {isa = PBXBuildFile; fileRef = 1110FF7227033B8A006EB19E /* SceneDelegate.swift */; };
		1110FF7527033B8A006EB19E /* ViewController.swift in Sources */ = {isa = PBXBuildFile; fileRef = 1110FF7427033B8A006EB19E /* ViewController.swift */; };
		1110FF7827033B8A006EB19E /* Main.storyboard in Resources */ = {isa = PBXBuildFile; fileRef = 1110FF7627033B8A006EB19E /* Main.storyboard */; };
		1110FF7A27033B8C006EB19E /* Assets.xcassets in Resources */ = {isa = PBXBuildFile; fileRef = 1110FF7927033B8C006EB19E /* Assets.xcassets */; };
		1110FF7D27033B8C006EB19E /* LaunchScreen.storyboard in Resources */ = {isa = PBXBuildFile; fileRef = 1110FF7B27033B8C006EB19E /* LaunchScreen.storyboard */; };
		1110FF8527033BAB006EB19E /* HomeViewController.swift in Sources */ = {isa = PBXBuildFile; fileRef = 1110FF8427033BAB006EB19E /* HomeViewController.swift */; };
		1110FF8A270355D6006EB19E /* YourRestaurantsViewController.swift in Sources */ = {isa = PBXBuildFile; fileRef = 1110FF89270355D6006EB19E /* YourRestaurantsViewController.swift */; };
		1110FF8C27035A68006EB19E /* RestaurantViewCell.swift in Sources */ = {isa = PBXBuildFile; fileRef = 1110FF8B27035A68006EB19E /* RestaurantViewCell.swift */; };
		11A07ED127065B73008A52AA /* TabBarViewController.swift in Sources */ = {isa = PBXBuildFile; fileRef = 11A07ED027065B73008A52AA /* TabBarViewController.swift */; };
		11A07ED327065FA6008A52AA /* NearRestaurantsViewController.swift in Sources */ = {isa = PBXBuildFile; fileRef = 11A07ED227065FA6008A52AA /* NearRestaurantsViewController.swift */; };
		11A07ED527066358008A52AA /* RestaurantTableViewCell.swift in Sources */ = {isa = PBXBuildFile; fileRef = 11A07ED427066358008A52AA /* RestaurantTableViewCell.swift */; };
/* End PBXBuildFile section */

/* Begin PBXFileReference section */
		1110FF6D27033B8A006EB19E /* mamaConchiglione.app */ = {isa = PBXFileReference; explicitFileType = wrapper.application; includeInIndex = 0; path = mamaConchiglione.app; sourceTree = BUILT_PRODUCTS_DIR; };
		1110FF7027033B8A006EB19E /* AppDelegate.swift */ = {isa = PBXFileReference; lastKnownFileType = sourcecode.swift; path = AppDelegate.swift; sourceTree = "<group>"; };
		1110FF7227033B8A006EB19E /* SceneDelegate.swift */ = {isa = PBXFileReference; lastKnownFileType = sourcecode.swift; path = SceneDelegate.swift; sourceTree = "<group>"; };
		1110FF7427033B8A006EB19E /* ViewController.swift */ = {isa = PBXFileReference; lastKnownFileType = sourcecode.swift; path = ViewController.swift; sourceTree = "<group>"; };
		1110FF7727033B8A006EB19E /* Base */ = {isa = PBXFileReference; lastKnownFileType = file.storyboard; name = Base; path = Base.lproj/Main.storyboard; sourceTree = "<group>"; };
		1110FF7927033B8C006EB19E /* Assets.xcassets */ = {isa = PBXFileReference; lastKnownFileType = folder.assetcatalog; path = Assets.xcassets; sourceTree = "<group>"; };
		1110FF7C27033B8C006EB19E /* Base */ = {isa = PBXFileReference; lastKnownFileType = file.storyboard; name = Base; path = Base.lproj/LaunchScreen.storyboard; sourceTree = "<group>"; };
		1110FF7E27033B8C006EB19E /* Info.plist */ = {isa = PBXFileReference; lastKnownFileType = text.plist.xml; path = Info.plist; sourceTree = "<group>"; };
		1110FF8427033BAB006EB19E /* HomeViewController.swift */ = {isa = PBXFileReference; lastKnownFileType = sourcecode.swift; path = HomeViewController.swift; sourceTree = "<group>"; };
		1110FF89270355D6006EB19E /* YourRestaurantsViewController.swift */ = {isa = PBXFileReference; lastKnownFileType = sourcecode.swift; path = YourRestaurantsViewController.swift; sourceTree = "<group>"; };
		1110FF8B27035A68006EB19E /* RestaurantViewCell.swift */ = {isa = PBXFileReference; lastKnownFileType = sourcecode.swift; path = RestaurantViewCell.swift; sourceTree = "<group>"; };
		11A07ED027065B73008A52AA /* TabBarViewController.swift */ = {isa = PBXFileReference; lastKnownFileType = sourcecode.swift; path = TabBarViewController.swift; sourceTree = "<group>"; };
		11A07ED227065FA6008A52AA /* NearRestaurantsViewController.swift */ = {isa = PBXFileReference; lastKnownFileType = sourcecode.swift; path = NearRestaurantsViewController.swift; sourceTree = "<group>"; };
		11A07ED427066358008A52AA /* RestaurantTableViewCell.swift */ = {isa = PBXFileReference; lastKnownFileType = sourcecode.swift; path = RestaurantTableViewCell.swift; sourceTree = "<group>"; };
/* End PBXFileReference section */

/* Begin PBXFrameworksBuildPhase section */
		1110FF6A27033B8A006EB19E /* Frameworks */ = {
			isa = PBXFrameworksBuildPhase;
			buildActionMask = 2147483647;
			files = (
			);
			runOnlyForDeploymentPostprocessing = 0;
		};
/* End PBXFrameworksBuildPhase section */

/* Begin PBXGroup section */
		1110FF6427033B8A006EB19E = {
			isa = PBXGroup;
			children = (
				1110FF6F27033B8A006EB19E /* mamaConchiglione */,
				1110FF6E27033B8A006EB19E /* Products */,
			);
			sourceTree = "<group>";
		};
		1110FF6E27033B8A006EB19E /* Products */ = {
			isa = PBXGroup;
			children = (
				1110FF6D27033B8A006EB19E /* mamaConchiglione.app */,
			);
			name = Products;
			sourceTree = "<group>";
		};
		1110FF6F27033B8A006EB19E /* mamaConchiglione */ = {
			isa = PBXGroup;
			children = (
				1110FF88270355B4006EB19E /* View */,
				1110FF87270355A3006EB19E /* ViewController */,
				1110FF8627035595006EB19E /* App */,
				1110FF7427033B8A006EB19E /* ViewController.swift */,
				1110FF7627033B8A006EB19E /* Main.storyboard */,
				1110FF7927033B8C006EB19E /* Assets.xcassets */,
				1110FF7E27033B8C006EB19E /* Info.plist */,
			);
			path = mamaConchiglione;
			sourceTree = "<group>";
		};
		1110FF8627035595006EB19E /* App */ = {
			isa = PBXGroup;
			children = (
				1110FF7027033B8A006EB19E /* AppDelegate.swift */,
				1110FF7227033B8A006EB19E /* SceneDelegate.swift */,
				1110FF7B27033B8C006EB19E /* LaunchScreen.storyboard */,
			);
			path = App;
			sourceTree = "<group>";
		};
		1110FF87270355A3006EB19E /* ViewController */ = {
			isa = PBXGroup;
			children = (
				1110FF8427033BAB006EB19E /* HomeViewController.swift */,
				1110FF89270355D6006EB19E /* YourRestaurantsViewController.swift */,
				11A07ED027065B73008A52AA /* TabBarViewController.swift */,
				11A07ED227065FA6008A52AA /* NearRestaurantsViewController.swift */,
			);
			path = ViewController;
			sourceTree = "<group>";
		};
		1110FF88270355B4006EB19E /* View */ = {
			isa = PBXGroup;
			children = (
				1110FF8B27035A68006EB19E /* RestaurantViewCell.swift */,
				11A07ED427066358008A52AA /* RestaurantTableViewCell.swift */,
			);
			path = View;
			sourceTree = "<group>";
		};
/* End PBXGroup section */

/* Begin PBXNativeTarget section */
		1110FF6C27033B8A006EB19E /* mamaConchiglione */ = {
			isa = PBXNativeTarget;
			buildConfigurationList = 1110FF8127033B8C006EB19E /* Build configuration list for PBXNativeTarget "mamaConchiglione" */;
			buildPhases = (
				1110FF6927033B8A006EB19E /* Sources */,
				1110FF6A27033B8A006EB19E /* Frameworks */,
				1110FF6B27033B8A006EB19E /* Resources */,
			);
			buildRules = (
			);
			dependencies = (
			);
			name = mamaConchiglione;
			productName = mamaConchiglione;
			productReference = 1110FF6D27033B8A006EB19E /* mamaConchiglione.app */;
			productType = "com.apple.product-type.application";
		};
/* End PBXNativeTarget section */

/* Begin PBXProject section */
		1110FF6527033B8A006EB19E /* Project object */ = {
			isa = PBXProject;
			attributes = {
				LastSwiftUpdateCheck = 1250;
				LastUpgradeCheck = 1250;
				TargetAttributes = {
					1110FF6C27033B8A006EB19E = {
						CreatedOnToolsVersion = 12.5.1;
					};
				};
			};
			buildConfigurationList = 1110FF6827033B8A006EB19E /* Build configuration list for PBXProject "mamaConchiglione" */;
			compatibilityVersion = "Xcode 9.3";
			developmentRegion = en;
			hasScannedForEncodings = 0;
			knownRegions = (
				en,
				Base,
			);
			mainGroup = 1110FF6427033B8A006EB19E;
			productRefGroup = 1110FF6E27033B8A006EB19E /* Products */;
			projectDirPath = "";
			projectRoot = "";
			targets = (
				1110FF6C27033B8A006EB19E /* mamaConchiglione */,
			);
		};
/* End PBXProject section */

/* Begin PBXResourcesBuildPhase section */
		1110FF6B27033B8A006EB19E /* Resources */ = {
			isa = PBXResourcesBuildPhase;
			buildActionMask = 2147483647;
			files = (
				1110FF7D27033B8C006EB19E /* LaunchScreen.storyboard in Resources */,
				1110FF7A27033B8C006EB19E /* Assets.xcassets in Resources */,
				1110FF7827033B8A006EB19E /* Main.storyboard in Resources */,
			);
			runOnlyForDeploymentPostprocessing = 0;
		};
/* End PBXResourcesBuildPhase section */

/* Begin PBXSourcesBuildPhase section */
		1110FF6927033B8A006EB19E /* Sources */ = {
			isa = PBXSourcesBuildPhase;
			buildActionMask = 2147483647;
			files = (
				1110FF7527033B8A006EB19E /* ViewController.swift in Sources */,
				1110FF7127033B8A006EB19E /* AppDelegate.swift in Sources */,
				1110FF7327033B8A006EB19E /* SceneDelegate.swift in Sources */,
				1110FF8527033BAB006EB19E /* HomeViewController.swift in Sources */,
				11A07ED127065B73008A52AA /* TabBarViewController.swift in Sources */,
				1110FF8A270355D6006EB19E /* YourRestaurantsViewController.swift in Sources */,
				1110FF8C27035A68006EB19E /* RestaurantViewCell.swift in Sources */,
				11A07ED527066358008A52AA /* RestaurantTableViewCell.swift in Sources */,
				11A07ED327065FA6008A52AA /* NearRestaurantsViewController.swift in Sources */,
			);
			runOnlyForDeploymentPostprocessing = 0;
		};
/* End PBXSourcesBuildPhase section */

/* Begin PBXVariantGroup section */
		1110FF7627033B8A006EB19E /* Main.storyboard */ = {
			isa = PBXVariantGroup;
			children = (
				1110FF7727033B8A006EB19E /* Base */,
			);
			name = Main.storyboard;
			sourceTree = "<group>";
		};
		1110FF7B27033B8C006EB19E /* LaunchScreen.storyboard */ = {
			isa = PBXVariantGroup;
			children = (
				1110FF7C27033B8C006EB19E /* Base */,
			);
			name = LaunchScreen.storyboard;
			sourceTree = "<group>";
		};
/* End PBXVariantGroup section */

/* Begin XCBuildConfiguration section */
		1110FF7F27033B8C006EB19E /* Debug */ = {
			isa = XCBuildConfiguration;
			buildSettings = {
				ALWAYS_SEARCH_USER_PATHS = NO;
				CLANG_ANALYZER_NONNULL = YES;
				CLANG_ANALYZER_NUMBER_OBJECT_CONVERSION = YES_AGGRESSIVE;
				CLANG_CXX_LANGUAGE_STANDARD = "gnu++14";
				CLANG_CXX_LIBRARY = "libc++";
				CLANG_ENABLE_MODULES = YES;
				CLANG_ENABLE_OBJC_ARC = YES;
				CLANG_ENABLE_OBJC_WEAK = YES;
				CLANG_WARN_BLOCK_CAPTURE_AUTORELEASING = YES;
				CLANG_WARN_BOOL_CONVERSION = YES;
				CLANG_WARN_COMMA = YES;
				CLANG_WARN_CONSTANT_CONVERSION = YES;
				CLANG_WARN_DEPRECATED_OBJC_IMPLEMENTATIONS = YES;
				CLANG_WARN_DIRECT_OBJC_ISA_USAGE = YES_ERROR;
				CLANG_WARN_DOCUMENTATION_COMMENTS = YES;
				CLANG_WARN_EMPTY_BODY = YES;
				CLANG_WARN_ENUM_CONVERSION = YES;
				CLANG_WARN_INFINITE_RECURSION = YES;
				CLANG_WARN_INT_CONVERSION = YES;
				CLANG_WARN_NON_LITERAL_NULL_CONVERSION = YES;
				CLANG_WARN_OBJC_IMPLICIT_RETAIN_SELF = YES;
				CLANG_WARN_OBJC_LITERAL_CONVERSION = YES;
				CLANG_WARN_OBJC_ROOT_CLASS = YES_ERROR;
				CLANG_WARN_QUOTED_INCLUDE_IN_FRAMEWORK_HEADER = YES;
				CLANG_WARN_RANGE_LOOP_ANALYSIS = YES;
				CLANG_WARN_STRICT_PROTOTYPES = YES;
				CLANG_WARN_SUSPICIOUS_MOVE = YES;
				CLANG_WARN_UNGUARDED_AVAILABILITY = YES_AGGRESSIVE;
				CLANG_WARN_UNREACHABLE_CODE = YES;
				CLANG_WARN__DUPLICATE_METHOD_MATCH = YES;
				COPY_PHASE_STRIP = NO;
				DEBUG_INFORMATION_FORMAT = dwarf;
				ENABLE_STRICT_OBJC_MSGSEND = YES;
				ENABLE_TESTABILITY = YES;
				GCC_C_LANGUAGE_STANDARD = gnu11;
				GCC_DYNAMIC_NO_PIC = NO;
				GCC_NO_COMMON_BLOCKS = YES;
				GCC_OPTIMIZATION_LEVEL = 0;
				GCC_PREPROCESSOR_DEFINITIONS = (
					"DEBUG=1",
					"$(inherited)",
				);
				GCC_WARN_64_TO_32_BIT_CONVERSION = YES;
				GCC_WARN_ABOUT_RETURN_TYPE = YES_ERROR;
				GCC_WARN_UNDECLARED_SELECTOR = YES;
				GCC_WARN_UNINITIALIZED_AUTOS = YES_AGGRESSIVE;
				GCC_WARN_UNUSED_FUNCTION = YES;
				GCC_WARN_UNUSED_VARIABLE = YES;
				IPHONEOS_DEPLOYMENT_TARGET = 14.5;
				MTL_ENABLE_DEBUG_INFO = INCLUDE_SOURCE;
				MTL_FAST_MATH = YES;
				ONLY_ACTIVE_ARCH = YES;
				SDKROOT = iphoneos;
				SWIFT_ACTIVE_COMPILATION_CONDITIONS = DEBUG;
				SWIFT_OPTIMIZATION_LEVEL = "-Onone";
			};
			name = Debug;
		};
		1110FF8027033B8C006EB19E /* Release */ = {
			isa = XCBuildConfiguration;
			buildSettings = {
				ALWAYS_SEARCH_USER_PATHS = NO;
				CLANG_ANALYZER_NONNULL = YES;
				CLANG_ANALYZER_NUMBER_OBJECT_CONVERSION = YES_AGGRESSIVE;
				CLANG_CXX_LANGUAGE_STANDARD = "gnu++14";
				CLANG_CXX_LIBRARY = "libc++";
				CLANG_ENABLE_MODULES = YES;
				CLANG_ENABLE_OBJC_ARC = YES;
				CLANG_ENABLE_OBJC_WEAK = YES;
				CLANG_WARN_BLOCK_CAPTURE_AUTORELEASING = YES;
				CLANG_WARN_BOOL_CONVERSION = YES;
				CLANG_WARN_COMMA = YES;
				CLANG_WARN_CONSTANT_CONVERSION = YES;
				CLANG_WARN_DEPRECATED_OBJC_IMPLEMENTATIONS = YES;
				CLANG_WARN_DIRECT_OBJC_ISA_USAGE = YES_ERROR;
				CLANG_WARN_DOCUMENTATION_COMMENTS = YES;
				CLANG_WARN_EMPTY_BODY = YES;
				CLANG_WARN_ENUM_CONVERSION = YES;
				CLANG_WARN_INFINITE_RECURSION = YES;
				CLANG_WARN_INT_CONVERSION = YES;
				CLANG_WARN_NON_LITERAL_NULL_CONVERSION = YES;
				CLANG_WARN_OBJC_IMPLICIT_RETAIN_SELF = YES;
				CLANG_WARN_OBJC_LITERAL_CONVERSION = YES;
				CLANG_WARN_OBJC_ROOT_CLASS = YES_ERROR;
				CLANG_WARN_QUOTED_INCLUDE_IN_FRAMEWORK_HEADER = YES;
				CLANG_WARN_RANGE_LOOP_ANALYSIS = YES;
				CLANG_WARN_STRICT_PROTOTYPES = YES;
				CLANG_WARN_SUSPICIOUS_MOVE = YES;
				CLANG_WARN_UNGUARDED_AVAILABILITY = YES_AGGRESSIVE;
				CLANG_WARN_UNREACHABLE_CODE = YES;
				CLANG_WARN__DUPLICATE_METHOD_MATCH = YES;
				COPY_PHASE_STRIP = NO;
				DEBUG_INFORMATION_FORMAT = "dwarf-with-dsym";
				ENABLE_NS_ASSERTIONS = NO;
				ENABLE_STRICT_OBJC_MSGSEND = YES;
				GCC_C_LANGUAGE_STANDARD = gnu11;
				GCC_NO_COMMON_BLOCKS = YES;
				GCC_WARN_64_TO_32_BIT_CONVERSION = YES;
				GCC_WARN_ABOUT_RETURN_TYPE = YES_ERROR;
				GCC_WARN_UNDECLARED_SELECTOR = YES;
				GCC_WARN_UNINITIALIZED_AUTOS = YES_AGGRESSIVE;
				GCC_WARN_UNUSED_FUNCTION = YES;
				GCC_WARN_UNUSED_VARIABLE = YES;
				IPHONEOS_DEPLOYMENT_TARGET = 14.5;
				MTL_ENABLE_DEBUG_INFO = NO;
				MTL_FAST_MATH = YES;
				SDKROOT = iphoneos;
				SWIFT_COMPILATION_MODE = wholemodule;
				SWIFT_OPTIMIZATION_LEVEL = "-O";
				VALIDATE_PRODUCT = YES;
			};
			name = Release;
		};
		1110FF8227033B8C006EB19E /* Debug */ = {
			isa = XCBuildConfiguration;
			buildSettings = {
				ASSETCATALOG_COMPILER_APPICON_NAME = AppIcon;
				ASSETCATALOG_COMPILER_GLOBAL_ACCENT_COLOR_NAME = AccentColor;
				CODE_SIGN_STYLE = Automatic;
				DEVELOPMENT_TEAM = UL74FQ825B;
				INFOPLIST_FILE = mamaConchiglione/Info.plist;
				LD_RUNPATH_SEARCH_PATHS = (
					"$(inherited)",
					"@executable_path/Frameworks",
				);
				PRODUCT_BUNDLE_IDENTIFIER = cc.nimidesign.mamaConchiglione;
				PRODUCT_NAME = "$(TARGET_NAME)";
				SWIFT_VERSION = 5.0;
				TARGETED_DEVICE_FAMILY = "1,2";
			};
			name = Debug;
		};
		1110FF8327033B8C006EB19E /* Release */ = {
			isa = XCBuildConfiguration;
			buildSettings = {
				ASSETCATALOG_COMPILER_APPICON_NAME = AppIcon;
				ASSETCATALOG_COMPILER_GLOBAL_ACCENT_COLOR_NAME = AccentColor;
				CODE_SIGN_STYLE = Automatic;
				DEVELOPMENT_TEAM = UL74FQ825B;
				INFOPLIST_FILE = mamaConchiglione/Info.plist;
				LD_RUNPATH_SEARCH_PATHS = (
					"$(inherited)",
					"@executable_path/Frameworks",
				);
				PRODUCT_BUNDLE_IDENTIFIER = cc.nimidesign.mamaConchiglione;
				PRODUCT_NAME = "$(TARGET_NAME)";
				SWIFT_VERSION = 5.0;
				TARGETED_DEVICE_FAMILY = "1,2";
			};
			name = Release;
		};
/* End XCBuildConfiguration section */

/* Begin XCConfigurationList section */
		1110FF6827033B8A006EB19E /* Build configuration list for PBXProject "mamaConchiglione" */ = {
			isa = XCConfigurationList;
			buildConfigurations = (
				1110FF7F27033B8C006EB19E /* Debug */,
				1110FF8027033B8C006EB19E /* Release */,
			);
			defaultConfigurationIsVisible = 0;
			defaultConfigurationName = Release;
		};
		1110FF8127033B8C006EB19E /* Build configuration list for PBXNativeTarget "mamaConchiglione" */ = {
			isa = XCConfigurationList;
			buildConfigurations = (
				1110FF8227033B8C006EB19E /* Debug */,
				1110FF8327033B8C006EB19E /* Release */,
			);
			defaultConfigurationIsVisible = 0;
			defaultConfigurationName = Release;
		};
/* End XCConfigurationList section */
	};
	rootObject = 1110FF6527033B8A006EB19E /* Project object */;
}
